// !$*UTF8*$!
{
	archiveVersion = 1;
	classes = {
	};
	objectVersion = 46;
	objects = {

/* Begin PBXBuildFile section */
		BEF890371C0C2BF50009700B /* AppDelegate.swift in Sources */ = {isa = PBXBuildFile; fileRef = BEF890361C0C2BF50009700B /* AppDelegate.swift */; };
		BEF890391C0C2BF50009700B /* ViewController.swift in Sources */ = {isa = PBXBuildFile; fileRef = BEF890381C0C2BF50009700B /* ViewController.swift */; };
		BEF8903C1C0C2BF50009700B /* Main.storyboard in Resources */ = {isa = PBXBuildFile; fileRef = BEF8903A1C0C2BF50009700B /* Main.storyboard */; };
		BEF8903E1C0C2BF50009700B /* Assets.xcassets in Resources */ = {isa = PBXBuildFile; fileRef = BEF8903D1C0C2BF50009700B /* Assets.xcassets */; };
		BEF890411C0C2BF50009700B /* LaunchScreen.storyboard in Resources */ = {isa = PBXBuildFile; fileRef = BEF8903F1C0C2BF50009700B /* LaunchScreen.storyboard */; };
		BEF890491C0C30B40009700B /* MonthFlowLayout.swift in Sources */ = {isa = PBXBuildFile; fileRef = BEF890481C0C30B40009700B /* MonthFlowLayout.swift */; };
		BEF890501C0C36960009700B /* MonthCollectionViewCell.swift in Sources */ = {isa = PBXBuildFile; fileRef = BEF8904E1C0C36960009700B /* MonthCollectionViewCell.swift */; };
		BEF890511C0C36960009700B /* MonthCollectionViewCell.xib in Resources */ = {isa = PBXBuildFile; fileRef = BEF8904F1C0C36960009700B /* MonthCollectionViewCell.xib */; };
		BEF890561C0C3B240009700B /* DayCell.swift in Sources */ = {isa = PBXBuildFile; fileRef = BEF890541C0C3B240009700B /* DayCell.swift */; };
		BEF890571C0C3B240009700B /* DayCell.xib in Resources */ = {isa = PBXBuildFile; fileRef = BEF890551C0C3B240009700B /* DayCell.xib */; };
		BEF890591C0C46D00009700B /* DayFlowLayout.swift in Sources */ = {isa = PBXBuildFile; fileRef = BEF890581C0C46D00009700B /* DayFlowLayout.swift */; };
/* End PBXBuildFile section */

/* Begin PBXFileReference section */
		BEF890331C0C2BF50009700B /* calendar.app */ = {isa = PBXFileReference; explicitFileType = wrapper.application; includeInIndex = 0; path = calendar.app; sourceTree = BUILT_PRODUCTS_DIR; };
		BEF890361C0C2BF50009700B /* AppDelegate.swift */ = {isa = PBXFileReference; lastKnownFileType = sourcecode.swift; path = AppDelegate.swift; sourceTree = "<group>"; };
		BEF890381C0C2BF50009700B /* ViewController.swift */ = {isa = PBXFileReference; lastKnownFileType = sourcecode.swift; path = ViewController.swift; sourceTree = "<group>"; };
		BEF8903B1C0C2BF50009700B /* Base */ = {isa = PBXFileReference; lastKnownFileType = file.storyboard; name = Base; path = Base.lproj/Main.storyboard; sourceTree = "<group>"; };
		BEF8903D1C0C2BF50009700B /* Assets.xcassets */ = {isa = PBXFileReference; lastKnownFileType = folder.assetcatalog; path = Assets.xcassets; sourceTree = "<group>"; };
		BEF890401C0C2BF50009700B /* Base */ = {isa = PBXFileReference; lastKnownFileType = file.storyboard; name = Base; path = Base.lproj/LaunchScreen.storyboard; sourceTree = "<group>"; };
		BEF890421C0C2BF50009700B /* Info.plist */ = {isa = PBXFileReference; lastKnownFileType = text.plist.xml; path = Info.plist; sourceTree = "<group>"; };
		BEF890481C0C30B40009700B /* MonthFlowLayout.swift */ = {isa = PBXFileReference; fileEncoding = 4; lastKnownFileType = sourcecode.swift; path = MonthFlowLayout.swift; sourceTree = "<group>"; };
		BEF8904E1C0C36960009700B /* MonthCollectionViewCell.swift */ = {isa = PBXFileReference; fileEncoding = 4; lastKnownFileType = sourcecode.swift; path = MonthCollectionViewCell.swift; sourceTree = "<group>"; };
		BEF8904F1C0C36960009700B /* MonthCollectionViewCell.xib */ = {isa = PBXFileReference; fileEncoding = 4; lastKnownFileType = file.xib; path = MonthCollectionViewCell.xib; sourceTree = "<group>"; };
		BEF890541C0C3B240009700B /* DayCell.swift */ = {isa = PBXFileReference; fileEncoding = 4; lastKnownFileType = sourcecode.swift; path = DayCell.swift; sourceTree = "<group>"; };
		BEF890551C0C3B240009700B /* DayCell.xib */ = {isa = PBXFileReference; fileEncoding = 4; lastKnownFileType = file.xib; path = DayCell.xib; sourceTree = "<group>"; };
		BEF890581C0C46D00009700B /* DayFlowLayout.swift */ = {isa = PBXFileReference; fileEncoding = 4; lastKnownFileType = sourcecode.swift; path = DayFlowLayout.swift; sourceTree = "<group>"; };
/* End PBXFileReference section */

/* Begin PBXFrameworksBuildPhase section */
		BEF890301C0C2BF50009700B /* Frameworks */ = {
			isa = PBXFrameworksBuildPhase;
			buildActionMask = 2147483647;
			files = (
			);
			runOnlyForDeploymentPostprocessing = 0;
		};
/* End PBXFrameworksBuildPhase section */

/* Begin PBXGroup section */
		BEF8902A1C0C2BF50009700B = {
			isa = PBXGroup;
			children = (
				BEF890351C0C2BF50009700B /* calendar */,
				BEF890341C0C2BF50009700B /* Products */,
			);
			sourceTree = "<group>";
		};
		BEF890341C0C2BF50009700B /* Products */ = {
			isa = PBXGroup;
			children = (
				BEF890331C0C2BF50009700B /* calendar.app */,
			);
			name = Products;
			sourceTree = "<group>";
		};
		BEF890351C0C2BF50009700B /* calendar */ = {
			isa = PBXGroup;
			children = (
				BEF890361C0C2BF50009700B /* AppDelegate.swift */,
				BEF890381C0C2BF50009700B /* ViewController.swift */,
				BEF8903A1C0C2BF50009700B /* Main.storyboard */,
				BEF8904E1C0C36960009700B /* MonthCollectionViewCell.swift */,
				BEF8904F1C0C36960009700B /* MonthCollectionViewCell.xib */,
				BEF8903D1C0C2BF50009700B /* Assets.xcassets */,
				BEF8903F1C0C2BF50009700B /* LaunchScreen.storyboard */,
				BEF890421C0C2BF50009700B /* Info.plist */,
				BEF890481C0C30B40009700B /* MonthFlowLayout.swift */,
				BEF890541C0C3B240009700B /* DayCell.swift */,
				BEF890551C0C3B240009700B /* DayCell.xib */,
				BEF890581C0C46D00009700B /* DayFlowLayout.swift */,
			);
			path = calendar;
			sourceTree = "<group>";
		};
/* End PBXGroup section */

/* Begin PBXNativeTarget section */
		BEF890321C0C2BF50009700B /* calendar */ = {
			isa = PBXNativeTarget;
			buildConfigurationList = BEF890451C0C2BF50009700B /* Build configuration list for PBXNativeTarget "calendar" */;
			buildPhases = (
				BEF8902F1C0C2BF50009700B /* Sources */,
				BEF890301C0C2BF50009700B /* Frameworks */,
				BEF890311C0C2BF50009700B /* Resources */,
			);
			buildRules = (
			);
			dependencies = (
			);
			name = calendar;
			productName = calendar;
			productReference = BEF890331C0C2BF50009700B /* calendar.app */;
			productType = "com.apple.product-type.application";
		};
/* End PBXNativeTarget section */

/* Begin PBXProject section */
		BEF8902B1C0C2BF50009700B /* Project object */ = {
			isa = PBXProject;
			attributes = {
				LastSwiftUpdateCheck = 0710;
				LastUpgradeCheck = 0710;
				ORGANIZATIONNAME = D_ttang;
				TargetAttributes = {
					BEF890321C0C2BF50009700B = {
						CreatedOnToolsVersion = 7.1.1;
						DevelopmentTeam = 4V7K2LWS7U;
					};
				};
			};
			buildConfigurationList = BEF8902E1C0C2BF50009700B /* Build configuration list for PBXProject "calendar" */;
			compatibilityVersion = "Xcode 3.2";
			developmentRegion = English;
			hasScannedForEncodings = 0;
			knownRegions = (
				en,
				Base,
			);
			mainGroup = BEF8902A1C0C2BF50009700B;
			productRefGroup = BEF890341C0C2BF50009700B /* Products */;
			projectDirPath = "";
			projectRoot = "";
			targets = (
				BEF890321C0C2BF50009700B /* calendar */,
			);
		};
/* End PBXProject section */

/* Begin PBXResourcesBuildPhase section */
		BEF890311C0C2BF50009700B /* Resources */ = {
			isa = PBXResourcesBuildPhase;
			buildActionMask = 2147483647;
			files = (
				BEF890411C0C2BF50009700B /* LaunchScreen.storyboard in Resources */,
				BEF8903E1C0C2BF50009700B /* Assets.xcassets in Resources */,
				BEF8903C1C0C2BF50009700B /* Main.storyboard in Resources */,
				BEF890571C0C3B240009700B /* DayCell.xib in Resources */,
				BEF890511C0C36960009700B /* MonthCollectionViewCell.xib in Resources */,
			);
			runOnlyForDeploymentPostprocessing = 0;
		};
/* End PBXResourcesBuildPhase section */

/* Begin PBXSourcesBuildPhase section */
		BEF8902F1C0C2BF50009700B /* Sources */ = {
			isa = PBXSourcesBuildPhase;
			buildActionMask = 2147483647;
			files = (
				BEF890391C0C2BF50009700B /* ViewController.swift in Sources */,
				BEF890501C0C36960009700B /* MonthCollectionViewCell.swift in Sources */,
				BEF890371C0C2BF50009700B /* AppDelegate.swift in Sources */,
				BEF890491C0C30B40009700B /* MonthFlowLayout.swift in Sources */,
				BEF890591C0C46D00009700B /* DayFlowLayout.swift in Sources */,
				BEF890561C0C3B240009700B /* DayCell.swift in Sources */,
			);
			runOnlyForDeploymentPostprocessing = 0;
		};
/* End PBXSourcesBuildPhase section */

/* Begin PBXVariantGroup section */
		BEF8903A1C0C2BF50009700B /* Main.storyboard */ = {
			isa = PBXVariantGroup;
			children = (
				BEF8903B1C0C2BF50009700B /* Base */,
			);
			name = Main.storyboard;
			sourceTree = "<group>";
		};
		BEF8903F1C0C2BF50009700B /* LaunchScreen.storyboard */ = {
			isa = PBXVariantGroup;
			children = (
				BEF890401C0C2BF50009700B /* Base */,
			);
			name = LaunchScreen.storyboard;
			sourceTree = "<group>";
		};
/* End PBXVariantGroup section */

/* Begin XCBuildConfiguration section */
		BEF890431C0C2BF50009700B /* Debug */ = {
			isa = XCBuildConfiguration;
			buildSettings = {
				ALWAYS_SEARCH_USER_PATHS = NO;
				CLANG_CXX_LANGUAGE_STANDARD = "gnu++0x";
				CLANG_CXX_LIBRARY = "libc++";
				CLANG_ENABLE_MODULES = YES;
				CLANG_ENABLE_OBJC_ARC = YES;
				CLANG_WARN_BOOL_CONVERSION = YES;
				CLANG_WARN_CONSTANT_CONVERSION = YES;
				CLANG_WARN_DIRECT_OBJC_ISA_USAGE = YES_ERROR;
				CLANG_WARN_EMPTY_BODY = YES;
				CLANG_WARN_ENUM_CONVERSION = YES;
				CLANG_WARN_INT_CONVERSION = YES;
				CLANG_WARN_OBJC_ROOT_CLASS = YES_ERROR;
				CLANG_WARN_UNREACHABLE_CODE = YES;
				CLANG_WARN__DUPLICATE_METHOD_MATCH = YES;
				"CODE_SIGN_IDENTITY[sdk=iphoneos*]" = "iPhone Developer";
				COPY_PHASE_STRIP = NO;
				DEBUG_INFORMATION_FORMAT = dwarf;
				ENABLE_STRICT_OBJC_MSGSEND = YES;
				ENABLE_TESTABILITY = YES;
				GCC_C_LANGUAGE_STANDARD = gnu99;
				GCC_DYNAMIC_NO_PIC = NO;
				GCC_NO_COMMON_BLOCKS = YES;
				GCC_OPTIMIZATION_LEVEL = 0;
				GCC_PREPROCESSOR_DEFINITIONS = (
					"DEBUG=1",
					"$(inherited)",
				);
				GCC_WARN_64_TO_32_BIT_CONVERSION = YES;
				GCC_WARN_ABOUT_RETURN_TYPE = YES_ERROR;
				GCC_WARN_UNDECLARED_SELECTOR = YES;
				GCC_WARN_UNINITIALIZED_AUTOS = YES_AGGRESSIVE;
				GCC_WARN_UNUSED_FUNCTION = YES;
				GCC_WARN_UNUSED_VARIABLE = YES;
				IPHONEOS_DEPLOYMENT_TARGET = 9.1;
				MTL_ENABLE_DEBUG_INFO = YES;
				ONLY_ACTIVE_ARCH = YES;
				SDKROOT = iphoneos;
				SWIFT_OPTIMIZATION_LEVEL = "-Onone";
			};
			name = Debug;
		};
		BEF890441C0C2BF50009700B /* Release */ = {
			isa = XCBuildConfiguration;
			buildSettings = {
				ALWAYS_SEARCH_USER_PATHS = NO;
				CLANG_CXX_LANGUAGE_STANDARD = "gnu++0x";
				CLANG_CXX_LIBRARY = "libc++";
				CLANG_ENABLE_MODULES = YES;
				CLANG_ENABLE_OBJC_ARC = YES;
				CLANG_WARN_BOOL_CONVERSION = YES;
				CLANG_WARN_CONSTANT_CONVERSION = YES;
				CLANG_WARN_DIRECT_OBJC_ISA_USAGE = YES_ERROR;
				CLANG_WARN_EMPTY_BODY = YES;
				CLANG_WARN_ENUM_CONVERSION = YES;
				CLANG_WARN_INT_CONVERSION = YES;
				CLANG_WARN_OBJC_ROOT_CLASS = YES_ERROR;
				CLANG_WARN_UNREACHABLE_CODE = YES;
				CLANG_WARN__DUPLICATE_METHOD_MATCH = YES;
				"CODE_SIGN_IDENTITY[sdk=iphoneos*]" = "iPhone Developer";
				COPY_PHASE_STRIP = NO;
				DEBUG_INFORMATION_FORMAT = "dwarf-with-dsym";
				ENABLE_NS_ASSERTIONS = NO;
				ENABLE_STRICT_OBJC_MSGSEND = YES;
				GCC_C_LANGUAGE_STANDARD = gnu99;
				GCC_NO_COMMON_BLOCKS = YES;
				GCC_WARN_64_TO_32_BIT_CONVERSION = YES;
				GCC_WARN_ABOUT_RETURN_TYPE = YES_ERROR;
				GCC_WARN_UNDECLARED_SELECTOR = YES;
				GCC_WARN_UNINITIALIZED_AUTOS = YES_AGGRESSIVE;
				GCC_WARN_UNUSED_FUNCTION = YES;
				GCC_WARN_UNUSED_VARIABLE = YES;
				IPHONEOS_DEPLOYMENT_TARGET = 9.1;
				MTL_ENABLE_DEBUG_INFO = NO;
				SDKROOT = iphoneos;
				VALIDATE_PRODUCT = YES;
			};
			name = Release;
		};
		BEF890461C0C2BF50009700B /* Debug */ = {
			isa = XCBuildConfiguration;
			buildSettings = {
				ASSETCATALOG_COMPILER_APPICON_NAME = AppIcon;
				INFOPLIST_FILE = calendar/Info.plist;
				LD_RUNPATH_SEARCH_PATHS = "$(inherited) @executable_path/Frameworks";
				PRODUCT_BUNDLE_IDENTIFIER = com.ttang.calendar;
				PRODUCT_NAME = "$(TARGET_NAME)";
			};
			name = Debug;
		};
		BEF890471C0C2BF50009700B /* Release */ = {
			isa = XCBuildConfiguration;
			buildSettings = {
				ASSETCATALOG_COMPILER_APPICON_NAME = AppIcon;
				INFOPLIST_FILE = calendar/Info.plist;
				LD_RUNPATH_SEARCH_PATHS = "$(inherited) @executable_path/Frameworks";
				PRODUCT_BUNDLE_IDENTIFIER = com.ttang.calendar;
				PRODUCT_NAME = "$(TARGET_NAME)";
			};
			name = Release;
		};
/* End XCBuildConfiguration section */

/* Begin XCConfigurationList section */
		BEF8902E1C0C2BF50009700B /* Build configuration list for PBXProject "calendar" */ = {
			isa = XCConfigurationList;
			buildConfigurations = (
				BEF890431C0C2BF50009700B /* Debug */,
				BEF890441C0C2BF50009700B /* Release */,
			);
			defaultConfigurationIsVisible = 0;
			defaultConfigurationName = Release;
		};
		BEF890451C0C2BF50009700B /* Build configuration list for PBXNativeTarget "calendar" */ = {
			isa = XCConfigurationList;
			buildConfigurations = (
				BEF890461C0C2BF50009700B /* Debug */,
				BEF890471C0C2BF50009700B /* Release */,
			);
			defaultConfigurationIsVisible = 0;
		};
/* End XCConfigurationList section */
	};
	rootObject = BEF8902B1C0C2BF50009700B /* Project object */;
}
